
Microsoft Visual Studio Solution File, Format Version 12.00
# Visual Studio Version 16
VisualStudioVersion = 16.0.32901.82
MinimumVisualStudioVersion = 10.0.40219.1
Project("{F184B08F-C81C-45F6-A57F-5ABD9991F28F}") = "My_Aggre-SE", "My_Aggre-SE.vbproj", "{D6B6D2D6-F603-4C4E-94FA-028926ADEB17}"
EndProject
Global
	GlobalSection(SolutionConfigurationPlatforms) = preSolution
		Debug|Any CPU = Debug|Any CPU
		Release|Any CPU = Release|Any CPU
	EndGlobalSection
	GlobalSection(ProjectConfigurationPlatforms) = postSolution
		{D6B6D2D6-F603-4C4E-94FA-028926ADEB17}.Debug|Any CPU.ActiveCfg = Debug|Any CPU
		{D6B6D2D6-F603-4C4E-94FA-028926ADEB17}.Debug|Any CPU.Build.0 = Debug|Any CPU
		{D6B6D2D6-F603-4C4E-94FA-028926ADEB17}.Release|Any CPU.ActiveCfg = Release|Any CPU
		{D6B6D2D6-F603-4C4E-94FA-028926ADEB17}.Release|Any CPU.Build.0 = Release|Any CPU
	EndGlobalSection
	GlobalSection(SolutionProperties) = preSolution
		HideSolutionNode = FALSE
	EndGlobalSection
	GlobalSection(ExtensibilityGlobals) = postSolution
		SolutionGuid = {0F1272F7-6118-4144-B3D1-7281AF5789CA}
	EndGlobalSection
EndGlobal
