
Microsoft Visual Studio Solution File, Format Version 12.00
# Visual Studio Version 17
VisualStudioVersion = 17.14.36603.0 d17.14
MinimumVisualStudioVersion = 10.0.40219.1
Project("{F184B08F-C81C-45F6-A57F-5ABD9991F28F}") = "Docu-SE", "Aggre-SE\Docu-SE.vbproj", "{D6B6D2D6-F603-4C4E-94FA-028926ADEB17}"
EndProject
Global
	GlobalSection(SolutionConfigurationPlatforms) = preSolution
		Debug|Any CPU = Debug|Any CPU
		Release|Any CPU = Release|Any CPU
	EndGlobalSection
	GlobalSection(ProjectConfigurationPlatforms) = postSolution
		{D6B6D2D6-F603-4C4E-94FA-028926ADEB17}.Debug|Any CPU.ActiveCfg = Debug|Any CPU
		{D6B6D2D6-F603-4C4E-94FA-028926ADEB17}.Debug|Any CPU.Build.0 = Debug|Any CPU
		{D6B6D2D6-F603-4C4E-94FA-028926ADEB17}.Release|Any CPU.ActiveCfg = Release|Any CPU
		{D6B6D2D6-F603-4C4E-94FA-028926ADEB17}.Release|Any CPU.Build.0 = Release|Any CPU
	EndGlobalSection
	GlobalSection(SolutionProperties) = preSolution
		HideSolutionNode = FALSE
	EndGlobalSection
	GlobalSection(ExtensibilityGlobals) = postSolution
		SolutionGuid = {1A2CFA07-4734-42A0-AA23-C7B16A189661}
	EndGlobalSection
EndGlobal
